
Microsoft Visual Studio Solution File, Format Version 12.00
# Visual Studio Version 17
VisualStudioVersion = 17.9.34723.18
MinimumVisualStudioVersion = 10.0.40219.1
Project("{FAE04EC0-301F-11D3-BF4B-00C04F79EFBC}") = "WEBAPI_BTL_Gateway", "WEBAPI_BTL_Gateway\WEBAPI_BTL_Gateway.csproj", "{1465DB76-E785-4578-AAF1-0649B6D74472}"
EndProject
Global
	GlobalSection(SolutionConfigurationPlatforms) = preSolution
		Debug|Any CPU = Debug|Any CPU
		Release|Any CPU = Release|Any CPU
	EndGlobalSection
	GlobalSection(ProjectConfigurationPlatforms) = postSolution
		{1465DB76-E785-4578-AAF1-0649B6D74472}.Debug|Any CPU.ActiveCfg = Debug|Any CPU
		{1465DB76-E785-4578-AAF1-0649B6D74472}.Debug|Any CPU.Build.0 = Debug|Any CPU
		{1465DB76-E785-4578-AAF1-0649B6D74472}.Release|Any CPU.ActiveCfg = Release|Any CPU
		{1465DB76-E785-4578-AAF1-0649B6D74472}.Release|Any CPU.Build.0 = Release|Any CPU
	EndGlobalSection
	GlobalSection(SolutionProperties) = preSolution
		HideSolutionNode = FALSE
	EndGlobalSection
	GlobalSection(ExtensibilityGlobals) = postSolution
		SolutionGuid = {E01DBEED-CB44-40BD-9D5B-322A93AF4FAF}
	EndGlobalSection
EndGlobal
